{
  "object": {
    "pins": [
      {
        "package": "FrameUp",
        "repositoryURL": "https://github.com/ryanlintott/FrameUp",
        "state": {
          "branch": null,
          "revision": "4426f97af2ca78985c1322428347bd8be5e29fc1",
          "version": "0.6.0"
        }
      }
    ]
  },
  "version": 1
}
