{
  "object": {
    "pins": [
      {
        "package": "FrameUp",
        "repositoryURL": "https://github.com/ryanlintott/FrameUp",
        "state": {
          "branch": null,
          "revision": "ac6a39f5c22e3c9c1c26fab9ed00a7ef2070fc74",
          "version": "0.4.0"
        }
      }
    ]
  },
  "version": 1
}
