{
  "object": {
    "pins": [
      {
        "package": "FrameUp",
        "repositoryURL": "https://github.com/ryanlintott/FrameUp",
        "state": {
          "branch": "main",
          "revision": "3c3c2660456ba90d1fd55f7ff60100a300a3adb8",
          "version": null
        }
      }
    ]
  },
  "version": 1
}
